
Microsoft Visual Studio Solution File, Format Version 12.00
# Visual Studio 15
VisualStudioVersion = 15.0.28307.572
MinimumVisualStudioVersion = 10.0.40219.1
Project("{8BC9CEB8-8B4A-11D0-8D11-00A0C91BC942}") = "MFC", "MFC\MFC.vcxproj", "{A8739D81-82F4-4734-8278-EE4AFCCF6144}"
EndProject
Project("{8BC9CEB8-8B4A-11D0-8D11-00A0C91BC942}") = "MFC_APPLICATION_BASICS", "MFC_APPLICATION_BASICS\MFC_APPLICATION_BASICS.vcxproj", "{F8C899B5-79F7-4626-A9A8-81371708C6F7}"
EndProject
Project("{8BC9CEB8-8B4A-11D0-8D11-00A0C91BC942}") = "GDI", "GDI\GDI.vcxproj", "{298EAB10-1094-4491-9EBA-FDD98C423203}"
EndProject
Global
	GlobalSection(SolutionConfigurationPlatforms) = preSolution
		Debug|x64 = Debug|x64
		Debug|x86 = Debug|x86
		Release|x64 = Release|x64
		Release|x86 = Release|x86
	EndGlobalSection
	GlobalSection(ProjectConfigurationPlatforms) = postSolution
		{A8739D81-82F4-4734-8278-EE4AFCCF6144}.Debug|x64.ActiveCfg = Debug|x64
		{A8739D81-82F4-4734-8278-EE4AFCCF6144}.Debug|x64.Build.0 = Debug|x64
		{A8739D81-82F4-4734-8278-EE4AFCCF6144}.Debug|x86.ActiveCfg = Debug|Win32
		{A8739D81-82F4-4734-8278-EE4AFCCF6144}.Debug|x86.Build.0 = Debug|Win32
		{A8739D81-82F4-4734-8278-EE4AFCCF6144}.Release|x64.ActiveCfg = Release|x64
		{A8739D81-82F4-4734-8278-EE4AFCCF6144}.Release|x64.Build.0 = Release|x64
		{A8739D81-82F4-4734-8278-EE4AFCCF6144}.Release|x86.ActiveCfg = Release|Win32
		{A8739D81-82F4-4734-8278-EE4AFCCF6144}.Release|x86.Build.0 = Release|Win32
		{F8C899B5-79F7-4626-A9A8-81371708C6F7}.Debug|x64.ActiveCfg = Debug|x64
		{F8C899B5-79F7-4626-A9A8-81371708C6F7}.Debug|x64.Build.0 = Debug|x64
		{F8C899B5-79F7-4626-A9A8-81371708C6F7}.Debug|x86.ActiveCfg = Debug|Win32
		{F8C899B5-79F7-4626-A9A8-81371708C6F7}.Debug|x86.Build.0 = Debug|Win32
		{F8C899B5-79F7-4626-A9A8-81371708C6F7}.Release|x64.ActiveCfg = Release|x64
		{F8C899B5-79F7-4626-A9A8-81371708C6F7}.Release|x64.Build.0 = Release|x64
		{F8C899B5-79F7-4626-A9A8-81371708C6F7}.Release|x86.ActiveCfg = Release|Win32
		{F8C899B5-79F7-4626-A9A8-81371708C6F7}.Release|x86.Build.0 = Release|Win32
		{298EAB10-1094-4491-9EBA-FDD98C423203}.Debug|x64.ActiveCfg = Debug|x64
		{298EAB10-1094-4491-9EBA-FDD98C423203}.Debug|x64.Build.0 = Debug|x64
		{298EAB10-1094-4491-9EBA-FDD98C423203}.Debug|x86.ActiveCfg = Debug|Win32
		{298EAB10-1094-4491-9EBA-FDD98C423203}.Debug|x86.Build.0 = Debug|Win32
		{298EAB10-1094-4491-9EBA-FDD98C423203}.Release|x64.ActiveCfg = Release|x64
		{298EAB10-1094-4491-9EBA-FDD98C423203}.Release|x64.Build.0 = Release|x64
		{298EAB10-1094-4491-9EBA-FDD98C423203}.Release|x86.ActiveCfg = Release|Win32
		{298EAB10-1094-4491-9EBA-FDD98C423203}.Release|x86.Build.0 = Release|Win32
	EndGlobalSection
	GlobalSection(SolutionProperties) = preSolution
		HideSolutionNode = FALSE
	EndGlobalSection
	GlobalSection(ExtensibilityGlobals) = postSolution
		SolutionGuid = {05E83136-1EC2-4630-8272-857599DF64EB}
	EndGlobalSection
EndGlobal
